
Microsoft Visual Studio Solution File, Format Version 12.00
# Visual Studio Version 17
VisualStudioVersion = 17.5.33424.131
MinimumVisualStudioVersion = 10.0.40219.1
Project("{9A19103F-16F7-4668-BE54-9A1E7A4F7556}") = "EmailPlanner_Alpha.Server", "Server\EmailPlanner_Alpha.Server.csproj", "{6527CAC8-0A2D-4914-8800-15A700298852}"
EndProject
Project("{9A19103F-16F7-4668-BE54-9A1E7A4F7556}") = "EmailPlanner_Alpha.Client", "Client\EmailPlanner_Alpha.Client.csproj", "{A5A2D38F-068B-49CE-8A49-6618DCCDD6CB}"
EndProject
Project("{9A19103F-16F7-4668-BE54-9A1E7A4F7556}") = "EmailPlanner_Alpha.Shared", "Shared\EmailPlanner_Alpha.Shared.csproj", "{95BAA7A5-0A8D-4A76-8A9E-20258CCCBB61}"
EndProject
Global
	GlobalSection(SolutionConfigurationPlatforms) = preSolution
		Debug|Any CPU = Debug|Any CPU
		Release|Any CPU = Release|Any CPU
	EndGlobalSection
	GlobalSection(ProjectConfigurationPlatforms) = postSolution
		{6527CAC8-0A2D-4914-8800-15A700298852}.Debug|Any CPU.ActiveCfg = Debug|Any CPU
		{6527CAC8-0A2D-4914-8800-15A700298852}.Debug|Any CPU.Build.0 = Debug|Any CPU
		{6527CAC8-0A2D-4914-8800-15A700298852}.Release|Any CPU.ActiveCfg = Release|Any CPU
		{6527CAC8-0A2D-4914-8800-15A700298852}.Release|Any CPU.Build.0 = Release|Any CPU
		{A5A2D38F-068B-49CE-8A49-6618DCCDD6CB}.Debug|Any CPU.ActiveCfg = Debug|Any CPU
		{A5A2D38F-068B-49CE-8A49-6618DCCDD6CB}.Debug|Any CPU.Build.0 = Debug|Any CPU
		{A5A2D38F-068B-49CE-8A49-6618DCCDD6CB}.Release|Any CPU.ActiveCfg = Release|Any CPU
		{A5A2D38F-068B-49CE-8A49-6618DCCDD6CB}.Release|Any CPU.Build.0 = Release|Any CPU
		{95BAA7A5-0A8D-4A76-8A9E-20258CCCBB61}.Debug|Any CPU.ActiveCfg = Debug|Any CPU
		{95BAA7A5-0A8D-4A76-8A9E-20258CCCBB61}.Debug|Any CPU.Build.0 = Debug|Any CPU
		{95BAA7A5-0A8D-4A76-8A9E-20258CCCBB61}.Release|Any CPU.ActiveCfg = Release|Any CPU
		{95BAA7A5-0A8D-4A76-8A9E-20258CCCBB61}.Release|Any CPU.Build.0 = Release|Any CPU
	EndGlobalSection
	GlobalSection(SolutionProperties) = preSolution
		HideSolutionNode = FALSE
	EndGlobalSection
	GlobalSection(ExtensibilityGlobals) = postSolution
		SolutionGuid = {E043BFCC-3E65-47C1-971E-A474F9B75116}
	EndGlobalSection
EndGlobal
